// !$*UTF8*$!
{
	archiveVersion = 1;
	classes = {
	};
	objectVersion = 48;
	objects = {

/* Begin PBXBuildFile section */
		95C842BA1FECB00200D3AC21 /* AppDelegate.swift in Sources */ = {isa = PBXBuildFile; fileRef = 95C842B91FECB00200D3AC21 /* AppDelegate.swift */; };
		95C842BF1FECB00200D3AC21 /* Main.storyboard in Resources */ = {isa = PBXBuildFile; fileRef = 95C842BD1FECB00200D3AC21 /* Main.storyboard */; };
		95C842C11FECB00200D3AC21 /* Assets.xcassets in Resources */ = {isa = PBXBuildFile; fileRef = 95C842C01FECB00200D3AC21 /* Assets.xcassets */; };
		95C842C41FECB00200D3AC21 /* LaunchScreen.storyboard in Resources */ = {isa = PBXBuildFile; fileRef = 95C842C21FECB00200D3AC21 /* LaunchScreen.storyboard */; };
		95C842CD1FECB3B900D3AC21 /* RecordingVoiceViewController.swift in Sources */ = {isa = PBXBuildFile; fileRef = 95C842CC1FECB3B900D3AC21 /* RecordingVoiceViewController.swift */; };
		95C842CF1FED7E8900D3AC21 /* PlaySoundsViewController.swift in Sources */ = {isa = PBXBuildFile; fileRef = 95C842CE1FED7E8900D3AC21 /* PlaySoundsViewController.swift */; };
		95C842D11FEDBDA900D3AC21 /* PlaySoundsViewController+Audio.swift in Sources */ = {isa = PBXBuildFile; fileRef = 95C842D01FEDBDA900D3AC21 /* PlaySoundsViewController+Audio.swift */; };
/* End PBXBuildFile section */

/* Begin PBXFileReference section */
		95C842B61FECB00200D3AC21 /* VoiceTuner.app */ = {isa = PBXFileReference; explicitFileType = wrapper.application; includeInIndex = 0; path = VoiceTuner.app; sourceTree = BUILT_PRODUCTS_DIR; };
		95C842B91FECB00200D3AC21 /* AppDelegate.swift */ = {isa = PBXFileReference; lastKnownFileType = sourcecode.swift; path = AppDelegate.swift; sourceTree = "<group>"; };
		95C842BE1FECB00200D3AC21 /* Base */ = {isa = PBXFileReference; lastKnownFileType = file.storyboard; name = Base; path = Base.lproj/Main.storyboard; sourceTree = "<group>"; };
		95C842C01FECB00200D3AC21 /* Assets.xcassets */ = {isa = PBXFileReference; lastKnownFileType = folder.assetcatalog; path = Assets.xcassets; sourceTree = "<group>"; };
		95C842C31FECB00200D3AC21 /* Base */ = {isa = PBXFileReference; lastKnownFileType = file.storyboard; name = Base; path = Base.lproj/LaunchScreen.storyboard; sourceTree = "<group>"; };
		95C842C51FECB00200D3AC21 /* Info.plist */ = {isa = PBXFileReference; lastKnownFileType = text.plist.xml; path = Info.plist; sourceTree = "<group>"; };
		95C842CC1FECB3B900D3AC21 /* RecordingVoiceViewController.swift */ = {isa = PBXFileReference; lastKnownFileType = sourcecode.swift; path = RecordingVoiceViewController.swift; sourceTree = "<group>"; };
		95C842CE1FED7E8900D3AC21 /* PlaySoundsViewController.swift */ = {isa = PBXFileReference; lastKnownFileType = sourcecode.swift; path = PlaySoundsViewController.swift; sourceTree = "<group>"; };
		95C842D01FEDBDA900D3AC21 /* PlaySoundsViewController+Audio.swift */ = {isa = PBXFileReference; lastKnownFileType = sourcecode.swift; path = "PlaySoundsViewController+Audio.swift"; sourceTree = "<group>"; };
/* End PBXFileReference section */

/* Begin PBXFrameworksBuildPhase section */
		95C842B31FECB00200D3AC21 /* Frameworks */ = {
			isa = PBXFrameworksBuildPhase;
			buildActionMask = 2147483647;
			files = (
			);
			runOnlyForDeploymentPostprocessing = 0;
		};
/* End PBXFrameworksBuildPhase section */

/* Begin PBXGroup section */
		95A67C21200A7459008AF32A /* Extensions */ = {
			isa = PBXGroup;
			children = (
				95C842D01FEDBDA900D3AC21 /* PlaySoundsViewController+Audio.swift */,
			);
			path = Extensions;
			sourceTree = "<group>";
		};
		95A67C22200A7479008AF32A /* Controllers */ = {
			isa = PBXGroup;
			children = (
				95C842CC1FECB3B900D3AC21 /* RecordingVoiceViewController.swift */,
				95C842CE1FED7E8900D3AC21 /* PlaySoundsViewController.swift */,
			);
			path = Controllers;
			sourceTree = "<group>";
		};
		95C842AD1FECB00100D3AC21 = {
			isa = PBXGroup;
			children = (
				95C842B81FECB00200D3AC21 /* VoiceTuner */,
				95C842B71FECB00200D3AC21 /* Products */,
			);
			sourceTree = "<group>";
		};
		95C842B71FECB00200D3AC21 /* Products */ = {
			isa = PBXGroup;
			children = (
				95C842B61FECB00200D3AC21 /* VoiceTuner.app */,
			);
			name = Products;
			sourceTree = "<group>";
		};
		95C842B81FECB00200D3AC21 /* VoiceTuner */ = {
			isa = PBXGroup;
			children = (
				95C842BD1FECB00200D3AC21 /* Main.storyboard */,
				95A67C22200A7479008AF32A /* Controllers */,
				95A67C21200A7459008AF32A /* Extensions */,
				95C842CB1FECB01500D3AC21 /* Resources */,
			);
			path = VoiceTuner;
			sourceTree = "<group>";
		};
		95C842CB1FECB01500D3AC21 /* Resources */ = {
			isa = PBXGroup;
			children = (
				95C842B91FECB00200D3AC21 /* AppDelegate.swift */,
				95C842C01FECB00200D3AC21 /* Assets.xcassets */,
				95C842C21FECB00200D3AC21 /* LaunchScreen.storyboard */,
				95C842C51FECB00200D3AC21 /* Info.plist */,
			);
			path = Resources;
			sourceTree = "<group>";
		};
/* End PBXGroup section */

/* Begin PBXNativeTarget section */
		95C842B51FECB00200D3AC21 /* VoiceTuner */ = {
			isa = PBXNativeTarget;
			buildConfigurationList = 95C842C81FECB00200D3AC21 /* Build configuration list for PBXNativeTarget "VoiceTuner" */;
			buildPhases = (
				95C842B21FECB00200D3AC21 /* Sources */,
				95C842B31FECB00200D3AC21 /* Frameworks */,
				95C842B41FECB00200D3AC21 /* Resources */,
			);
			buildRules = (
			);
			dependencies = (
			);
			name = VoiceTuner;
			productName = VoiceTuner;
			productReference = 95C842B61FECB00200D3AC21 /* VoiceTuner.app */;
			productType = "com.apple.product-type.application";
		};
/* End PBXNativeTarget section */

/* Begin PBXProject section */
		95C842AE1FECB00100D3AC21 /* Project object */ = {
			isa = PBXProject;
			attributes = {
				LastSwiftUpdateCheck = 0920;
				LastUpgradeCheck = 0920;
				ORGANIZATIONNAME = LuisPuentes;
				TargetAttributes = {
					95C842B51FECB00200D3AC21 = {
						CreatedOnToolsVersion = 9.2;
						ProvisioningStyle = Automatic;
					};
				};
			};
			buildConfigurationList = 95C842B11FECB00200D3AC21 /* Build configuration list for PBXProject "VoiceTuner" */;
			compatibilityVersion = "Xcode 8.0";
			developmentRegion = en;
			hasScannedForEncodings = 0;
			knownRegions = (
				en,
				Base,
			);
			mainGroup = 95C842AD1FECB00100D3AC21;
			productRefGroup = 95C842B71FECB00200D3AC21 /* Products */;
			projectDirPath = "";
			projectRoot = "";
			targets = (
				95C842B51FECB00200D3AC21 /* VoiceTuner */,
			);
		};
/* End PBXProject section */

/* Begin PBXResourcesBuildPhase section */
		95C842B41FECB00200D3AC21 /* Resources */ = {
			isa = PBXResourcesBuildPhase;
			buildActionMask = 2147483647;
			files = (
				95C842C41FECB00200D3AC21 /* LaunchScreen.storyboard in Resources */,
				95C842C11FECB00200D3AC21 /* Assets.xcassets in Resources */,
				95C842BF1FECB00200D3AC21 /* Main.storyboard in Resources */,
			);
			runOnlyForDeploymentPostprocessing = 0;
		};
/* End PBXResourcesBuildPhase section */

/* Begin PBXSourcesBuildPhase section */
		95C842B21FECB00200D3AC21 /* Sources */ = {
			isa = PBXSourcesBuildPhase;
			buildActionMask = 2147483647;
			files = (
				95C842BA1FECB00200D3AC21 /* AppDelegate.swift in Sources */,
				95C842D11FEDBDA900D3AC21 /* PlaySoundsViewController+Audio.swift in Sources */,
				95C842CF1FED7E8900D3AC21 /* PlaySoundsViewController.swift in Sources */,
				95C842CD1FECB3B900D3AC21 /* RecordingVoiceViewController.swift in Sources */,
			);
			runOnlyForDeploymentPostprocessing = 0;
		};
/* End PBXSourcesBuildPhase section */

/* Begin PBXVariantGroup section */
		95C842BD1FECB00200D3AC21 /* Main.storyboard */ = {
			isa = PBXVariantGroup;
			children = (
				95C842BE1FECB00200D3AC21 /* Base */,
			);
			name = Main.storyboard;
			sourceTree = "<group>";
		};
		95C842C21FECB00200D3AC21 /* LaunchScreen.storyboard */ = {
			isa = PBXVariantGroup;
			children = (
				95C842C31FECB00200D3AC21 /* Base */,
			);
			name = LaunchScreen.storyboard;
			sourceTree = "<group>";
		};
/* End PBXVariantGroup section */

/* Begin XCBuildConfiguration section */
		95C842C61FECB00200D3AC21 /* Debug */ = {
			isa = XCBuildConfiguration;
			buildSettings = {
				ALWAYS_SEARCH_USER_PATHS = NO;
				CLANG_ANALYZER_NONNULL = YES;
				CLANG_ANALYZER_NUMBER_OBJECT_CONVERSION = YES_AGGRESSIVE;
				CLANG_CXX_LANGUAGE_STANDARD = "gnu++14";
				CLANG_CXX_LIBRARY = "libc++";
				CLANG_ENABLE_MODULES = YES;
				CLANG_ENABLE_OBJC_ARC = YES;
				CLANG_WARN_BLOCK_CAPTURE_AUTORELEASING = YES;
				CLANG_WARN_BOOL_CONVERSION = YES;
				CLANG_WARN_COMMA = YES;
				CLANG_WARN_CONSTANT_CONVERSION = YES;
				CLANG_WARN_DIRECT_OBJC_ISA_USAGE = YES_ERROR;
				CLANG_WARN_DOCUMENTATION_COMMENTS = YES;
				CLANG_WARN_EMPTY_BODY = YES;
				CLANG_WARN_ENUM_CONVERSION = YES;
				CLANG_WARN_INFINITE_RECURSION = YES;
				CLANG_WARN_INT_CONVERSION = YES;
				CLANG_WARN_NON_LITERAL_NULL_CONVERSION = YES;
				CLANG_WARN_OBJC_LITERAL_CONVERSION = YES;
				CLANG_WARN_OBJC_ROOT_CLASS = YES_ERROR;
				CLANG_WARN_RANGE_LOOP_ANALYSIS = YES;
				CLANG_WARN_STRICT_PROTOTYPES = YES;
				CLANG_WARN_SUSPICIOUS_MOVE = YES;
				CLANG_WARN_UNGUARDED_AVAILABILITY = YES_AGGRESSIVE;
				CLANG_WARN_UNREACHABLE_CODE = YES;
				CLANG_WARN__DUPLICATE_METHOD_MATCH = YES;
				CODE_SIGN_IDENTITY = "iPhone Developer";
				COPY_PHASE_STRIP = NO;
				DEBUG_INFORMATION_FORMAT = dwarf;
				ENABLE_STRICT_OBJC_MSGSEND = YES;
				ENABLE_TESTABILITY = YES;
				GCC_C_LANGUAGE_STANDARD = gnu11;
				GCC_DYNAMIC_NO_PIC = NO;
				GCC_NO_COMMON_BLOCKS = YES;
				GCC_OPTIMIZATION_LEVEL = 0;
				GCC_PREPROCESSOR_DEFINITIONS = (
					"DEBUG=1",
					"$(inherited)",
				);
				GCC_WARN_64_TO_32_BIT_CONVERSION = YES;
				GCC_WARN_ABOUT_RETURN_TYPE = YES_ERROR;
				GCC_WARN_UNDECLARED_SELECTOR = YES;
				GCC_WARN_UNINITIALIZED_AUTOS = YES_AGGRESSIVE;
				GCC_WARN_UNUSED_FUNCTION = YES;
				GCC_WARN_UNUSED_VARIABLE = YES;
				IPHONEOS_DEPLOYMENT_TARGET = 11.2;
				MTL_ENABLE_DEBUG_INFO = YES;
				ONLY_ACTIVE_ARCH = YES;
				SDKROOT = iphoneos;
				SWIFT_ACTIVE_COMPILATION_CONDITIONS = DEBUG;
				SWIFT_OPTIMIZATION_LEVEL = "-Onone";
			};
			name = Debug;
		};
		95C842C71FECB00200D3AC21 /* Release */ = {
			isa = XCBuildConfiguration;
			buildSettings = {
				ALWAYS_SEARCH_USER_PATHS = NO;
				CLANG_ANALYZER_NONNULL = YES;
				CLANG_ANALYZER_NUMBER_OBJECT_CONVERSION = YES_AGGRESSIVE;
				CLANG_CXX_LANGUAGE_STANDARD = "gnu++14";
				CLANG_CXX_LIBRARY = "libc++";
				CLANG_ENABLE_MODULES = YES;
				CLANG_ENABLE_OBJC_ARC = YES;
				CLANG_WARN_BLOCK_CAPTURE_AUTORELEASING = YES;
				CLANG_WARN_BOOL_CONVERSION = YES;
				CLANG_WARN_COMMA = YES;
				CLANG_WARN_CONSTANT_CONVERSION = YES;
				CLANG_WARN_DIRECT_OBJC_ISA_USAGE = YES_ERROR;
				CLANG_WARN_DOCUMENTATION_COMMENTS = YES;
				CLANG_WARN_EMPTY_BODY = YES;
				CLANG_WARN_ENUM_CONVERSION = YES;
				CLANG_WARN_INFINITE_RECURSION = YES;
				CLANG_WARN_INT_CONVERSION = YES;
				CLANG_WARN_NON_LITERAL_NULL_CONVERSION = YES;
				CLANG_WARN_OBJC_LITERAL_CONVERSION = YES;
				CLANG_WARN_OBJC_ROOT_CLASS = YES_ERROR;
				CLANG_WARN_RANGE_LOOP_ANALYSIS = YES;
				CLANG_WARN_STRICT_PROTOTYPES = YES;
				CLANG_WARN_SUSPICIOUS_MOVE = YES;
				CLANG_WARN_UNGUARDED_AVAILABILITY = YES_AGGRESSIVE;
				CLANG_WARN_UNREACHABLE_CODE = YES;
				CLANG_WARN__DUPLICATE_METHOD_MATCH = YES;
				CODE_SIGN_IDENTITY = "iPhone Developer";
				COPY_PHASE_STRIP = NO;
				DEBUG_INFORMATION_FORMAT = "dwarf-with-dsym";
				ENABLE_NS_ASSERTIONS = NO;
				ENABLE_STRICT_OBJC_MSGSEND = YES;
				GCC_C_LANGUAGE_STANDARD = gnu11;
				GCC_NO_COMMON_BLOCKS = YES;
				GCC_WARN_64_TO_32_BIT_CONVERSION = YES;
				GCC_WARN_ABOUT_RETURN_TYPE = YES_ERROR;
				GCC_WARN_UNDECLARED_SELECTOR = YES;
				GCC_WARN_UNINITIALIZED_AUTOS = YES_AGGRESSIVE;
				GCC_WARN_UNUSED_FUNCTION = YES;
				GCC_WARN_UNUSED_VARIABLE = YES;
				IPHONEOS_DEPLOYMENT_TARGET = 11.2;
				MTL_ENABLE_DEBUG_INFO = NO;
				SDKROOT = iphoneos;
				SWIFT_OPTIMIZATION_LEVEL = "-Owholemodule";
				VALIDATE_PRODUCT = YES;
			};
			name = Release;
		};
		95C842C91FECB00200D3AC21 /* Debug */ = {
			isa = XCBuildConfiguration;
			buildSettings = {
				ASSETCATALOG_COMPILER_APPICON_NAME = AppIcon;
				CODE_SIGN_STYLE = Automatic;
				DEVELOPMENT_TEAM = H9L7P6ZCN6;
				INFOPLIST_FILE = "$(SRCROOT)/VoiceTuner/Resources/Info.plist";
				LD_RUNPATH_SEARCH_PATHS = "$(inherited) @executable_path/Frameworks";
				PRODUCT_BUNDLE_IDENTIFIER = com.VoiceTuner;
				PRODUCT_NAME = "$(TARGET_NAME)";
				SWIFT_VERSION = 4.0;
				TARGETED_DEVICE_FAMILY = "1,2";
			};
			name = Debug;
		};
		95C842CA1FECB00200D3AC21 /* Release */ = {
			isa = XCBuildConfiguration;
			buildSettings = {
				ASSETCATALOG_COMPILER_APPICON_NAME = AppIcon;
				CODE_SIGN_STYLE = Automatic;
				DEVELOPMENT_TEAM = H9L7P6ZCN6;
				INFOPLIST_FILE = "$(SRCROOT)/VoiceTuner/Resources/Info.plist";
				LD_RUNPATH_SEARCH_PATHS = "$(inherited) @executable_path/Frameworks";
				PRODUCT_BUNDLE_IDENTIFIER = com.VoiceTuner;
				PRODUCT_NAME = "$(TARGET_NAME)";
				SWIFT_VERSION = 4.0;
				TARGETED_DEVICE_FAMILY = "1,2";
			};
			name = Release;
		};
/* End XCBuildConfiguration section */

/* Begin XCConfigurationList section */
		95C842B11FECB00200D3AC21 /* Build configuration list for PBXProject "VoiceTuner" */ = {
			isa = XCConfigurationList;
			buildConfigurations = (
				95C842C61FECB00200D3AC21 /* Debug */,
				95C842C71FECB00200D3AC21 /* Release */,
			);
			defaultConfigurationIsVisible = 0;
			defaultConfigurationName = Release;
		};
		95C842C81FECB00200D3AC21 /* Build configuration list for PBXNativeTarget "VoiceTuner" */ = {
			isa = XCConfigurationList;
			buildConfigurations = (
				95C842C91FECB00200D3AC21 /* Debug */,
				95C842CA1FECB00200D3AC21 /* Release */,
			);
			defaultConfigurationIsVisible = 0;
			defaultConfigurationName = Release;
		};
/* End XCConfigurationList section */
	};
	rootObject = 95C842AE1FECB00100D3AC21 /* Project object */;
}
